
Microsoft Visual Studio Solution File, Format Version 12.00
# Visual Studio Version 16
VisualStudioVersion = 16.0.31515.178
MinimumVisualStudioVersion = 10.0.40219.1
Project("{888888A0-9F3D-457C-B088-3A5042F75D52}") = "HotelReservation", "HotelReservation.pyproj", "{9777BF39-44B5-4CA3-A1D8-14FDCFFEBE5D}"
EndProject
Global
	GlobalSection(SolutionConfigurationPlatforms) = preSolution
		Debug|Any CPU = Debug|Any CPU
		Release|Any CPU = Release|Any CPU
	EndGlobalSection
	GlobalSection(ProjectConfigurationPlatforms) = postSolution
		{9777BF39-44B5-4CA3-A1D8-14FDCFFEBE5D}.Debug|Any CPU.ActiveCfg = Debug|Any CPU
		{9777BF39-44B5-4CA3-A1D8-14FDCFFEBE5D}.Release|Any CPU.ActiveCfg = Release|Any CPU
	EndGlobalSection
	GlobalSection(SolutionProperties) = preSolution
		HideSolutionNode = FALSE
	EndGlobalSection
	GlobalSection(ExtensibilityGlobals) = postSolution
		SolutionGuid = {C033FAB2-C26B-47AC-BBCD-182CAFE16EFB}
	EndGlobalSection
EndGlobal
